
Microsoft Visual Studio Solution File, Format Version 12.00
# Visual Studio Version 17
VisualStudioVersion = 17.2.32505.173
MinimumVisualStudioVersion = 10.0.40219.1
Project("{9A19103F-16F7-4668-BE54-9A1E7A4F7556}") = "PlotAppMVC", "PlotAppMVC\PlotAppMVC.csproj", "{F2E22668-96E1-49BF-9C64-CDBCEE2D5BDB}"
EndProject
Project("{9A19103F-16F7-4668-BE54-9A1E7A4F7556}") = "Services", "Services\Services.csproj", "{230B2E11-50C1-43BA-BB98-55ABCA9906AE}"
EndProject
Project("{9A19103F-16F7-4668-BE54-9A1E7A4F7556}") = "DataAccess", "DataAccess\DataAccess.csproj", "{AE4415C3-5D7F-4895-B6C6-3C48CCEAC606}"
EndProject
Project("{9A19103F-16F7-4668-BE54-9A1E7A4F7556}") = "Models", "Models\Models.csproj", "{957E1DA2-F861-4044-8E03-80B01911FE46}"
EndProject
Global
	GlobalSection(SolutionConfigurationPlatforms) = preSolution
		Debug|Any CPU = Debug|Any CPU
		Release|Any CPU = Release|Any CPU
	EndGlobalSection
	GlobalSection(ProjectConfigurationPlatforms) = postSolution
		{F2E22668-96E1-49BF-9C64-CDBCEE2D5BDB}.Debug|Any CPU.ActiveCfg = Debug|Any CPU
		{F2E22668-96E1-49BF-9C64-CDBCEE2D5BDB}.Debug|Any CPU.Build.0 = Debug|Any CPU
		{F2E22668-96E1-49BF-9C64-CDBCEE2D5BDB}.Release|Any CPU.ActiveCfg = Release|Any CPU
		{F2E22668-96E1-49BF-9C64-CDBCEE2D5BDB}.Release|Any CPU.Build.0 = Release|Any CPU
		{230B2E11-50C1-43BA-BB98-55ABCA9906AE}.Debug|Any CPU.ActiveCfg = Debug|Any CPU
		{230B2E11-50C1-43BA-BB98-55ABCA9906AE}.Debug|Any CPU.Build.0 = Debug|Any CPU
		{230B2E11-50C1-43BA-BB98-55ABCA9906AE}.Release|Any CPU.ActiveCfg = Release|Any CPU
		{230B2E11-50C1-43BA-BB98-55ABCA9906AE}.Release|Any CPU.Build.0 = Release|Any CPU
		{AE4415C3-5D7F-4895-B6C6-3C48CCEAC606}.Debug|Any CPU.ActiveCfg = Debug|Any CPU
		{AE4415C3-5D7F-4895-B6C6-3C48CCEAC606}.Debug|Any CPU.Build.0 = Debug|Any CPU
		{AE4415C3-5D7F-4895-B6C6-3C48CCEAC606}.Release|Any CPU.ActiveCfg = Release|Any CPU
		{AE4415C3-5D7F-4895-B6C6-3C48CCEAC606}.Release|Any CPU.Build.0 = Release|Any CPU
		{957E1DA2-F861-4044-8E03-80B01911FE46}.Debug|Any CPU.ActiveCfg = Debug|Any CPU
		{957E1DA2-F861-4044-8E03-80B01911FE46}.Debug|Any CPU.Build.0 = Debug|Any CPU
		{957E1DA2-F861-4044-8E03-80B01911FE46}.Release|Any CPU.ActiveCfg = Release|Any CPU
		{957E1DA2-F861-4044-8E03-80B01911FE46}.Release|Any CPU.Build.0 = Release|Any CPU
	EndGlobalSection
	GlobalSection(SolutionProperties) = preSolution
		HideSolutionNode = FALSE
	EndGlobalSection
	GlobalSection(ExtensibilityGlobals) = postSolution
		SolutionGuid = {54CB5588-9E9F-4D51-9C48-73773F7A2CB8}
	EndGlobalSection
EndGlobal
